
Microsoft Visual Studio Solution File, Format Version 12.00
# Visual Studio Version 17
VisualStudioVersion = 17.5.33530.505
MinimumVisualStudioVersion = 10.0.40219.1
Project("{FAE04EC0-301F-11D3-BF4B-00C04F79EFBC}") = "atm", "atm\atm.csproj", "{52FD3BDB-96A4-41E5-9BD1-B5E070CBD6A4}"
EndProject
Global
	GlobalSection(SolutionConfigurationPlatforms) = preSolution
		Debug|Any CPU = Debug|Any CPU
		Release|Any CPU = Release|Any CPU
	EndGlobalSection
	GlobalSection(ProjectConfigurationPlatforms) = postSolution
		{52FD3BDB-96A4-41E5-9BD1-B5E070CBD6A4}.Debug|Any CPU.ActiveCfg = Debug|Any CPU
		{52FD3BDB-96A4-41E5-9BD1-B5E070CBD6A4}.Debug|Any CPU.Build.0 = Debug|Any CPU
		{52FD3BDB-96A4-41E5-9BD1-B5E070CBD6A4}.Release|Any CPU.ActiveCfg = Release|Any CPU
		{52FD3BDB-96A4-41E5-9BD1-B5E070CBD6A4}.Release|Any CPU.Build.0 = Release|Any CPU
	EndGlobalSection
	GlobalSection(SolutionProperties) = preSolution
		HideSolutionNode = FALSE
	EndGlobalSection
	GlobalSection(ExtensibilityGlobals) = postSolution
		SolutionGuid = {9904C571-DDDF-499F-8C7B-AFFFA6899216}
	EndGlobalSection
EndGlobal
